
Microsoft Visual Studio Solution File, Format Version 12.00
# Visual Studio Version 16
VisualStudioVersion = 16.0.31129.286
MinimumVisualStudioVersion = 10.0.40219.1
Project("{FAE04EC0-301F-11D3-BF4B-00C04F79EFBC}") = "Client", "Client\Client.csproj", "{28F6E724-3B04-41F9-A323-F9E9848F6DDA}"
EndProject
Project("{FAE04EC0-301F-11D3-BF4B-00C04F79EFBC}") = "Server", "Server\Server.csproj", "{19642E1C-E2D2-499D-9836-214ED016D2C9}"
EndProject
Global
	GlobalSection(SolutionConfigurationPlatforms) = preSolution
		Debug|Any CPU = Debug|Any CPU
		Release|Any CPU = Release|Any CPU
	EndGlobalSection
	GlobalSection(ProjectConfigurationPlatforms) = postSolution
		{28F6E724-3B04-41F9-A323-F9E9848F6DDA}.Debug|Any CPU.ActiveCfg = Debug|Any CPU
		{28F6E724-3B04-41F9-A323-F9E9848F6DDA}.Debug|Any CPU.Build.0 = Debug|Any CPU
		{28F6E724-3B04-41F9-A323-F9E9848F6DDA}.Release|Any CPU.ActiveCfg = Release|Any CPU
		{28F6E724-3B04-41F9-A323-F9E9848F6DDA}.Release|Any CPU.Build.0 = Release|Any CPU
		{19642E1C-E2D2-499D-9836-214ED016D2C9}.Debug|Any CPU.ActiveCfg = Debug|Any CPU
		{19642E1C-E2D2-499D-9836-214ED016D2C9}.Debug|Any CPU.Build.0 = Debug|Any CPU
		{19642E1C-E2D2-499D-9836-214ED016D2C9}.Release|Any CPU.ActiveCfg = Release|Any CPU
		{19642E1C-E2D2-499D-9836-214ED016D2C9}.Release|Any CPU.Build.0 = Release|Any CPU
	EndGlobalSection
	GlobalSection(SolutionProperties) = preSolution
		HideSolutionNode = FALSE
	EndGlobalSection
	GlobalSection(ExtensibilityGlobals) = postSolution
		SolutionGuid = {78FDE696-F9E5-49CE-A181-FAA5F35DCAFA}
	EndGlobalSection
EndGlobal
